{
  "requires": true,
  "lockfileVersion": 1,
  "dependencies": {
    "abbrev": {
      "version": "2.0.0",
      "resolved": "https://registry.npmjs.org/abbrev/-/abbrev-2.0.0.tgz",
      "integrity": "sha512-6/mh1E2u2YgEsCHdY0Yx5oW+61gZU+1vXaoiHHrpKeuRNNgFvS+/jrwHiQhB5apAf5oB7UB7E19ol2R2LKH8hQ=="
    },
    "node-webcam": {
      "version": "0.8.1",
      "resolved": "https://registry.npmjs.org/node-webcam/-/node-webcam-0.8.1.tgz",
      "integrity": "sha512-xtI9oF7T6NIpJhou4BfLF224IDPPmH45tNhhixUImgYmD+pJAf9Wuj4LMbyMaIHmePbuj24lUFOCQ/oV7Z/IvQ==",
      "requires": {
        "nopt": "*"
      }
    },
    "nopt": {
      "version": "7.0.0",
      "resolved": "https://registry.npmjs.org/nopt/-/nopt-7.0.0.tgz",
      "integrity": "sha512-e6Qw1rcrGoSxEH0hQ4GBSdUjkMOtXGhGFXdNT/3ZR0S37eR9DMj5za3dEDWE6o1T3/DP8ZOsPP4MIiky0c3QeA==",
      "requires": {
        "abbrev": "^2.0.0"
      }
    }
  }
}
